
Microsoft Visual Studio Solution File, Format Version 12.00
# Visual Studio Version 17
VisualStudioVersion = 17.10.35122.118
MinimumVisualStudioVersion = 10.0.40219.1
Project("{FAE04EC0-301F-11D3-BF4B-00C04F79EFBC}") = "io.quind.trainning.kafka", "io.quind.trainning.kafka\io.quind.trainning.kafka.csproj", "{2BA3432B-388B-45F4-B2E7-2E0B74327D64}"
EndProject
Project("{2150E333-8FDC-42A3-9474-1A3956D46DE8}") = "Application", "Application", "{130AAFF9-B83E-4561-B372-147725F461FB}"
EndProject
Project("{2150E333-8FDC-42A3-9474-1A3956D46DE8}") = "Infrastructure", "Infrastructure", "{A02DC7C2-EFBF-4D41-919D-0D9B45F55370}"
EndProject
Project("{2150E333-8FDC-42A3-9474-1A3956D46DE8}") = "Domain", "Domain", "{8E30E0AA-7D06-4113-BF00-3968C5CA6319}"
EndProject
Project("{2150E333-8FDC-42A3-9474-1A3956D46DE8}") = "entry-points", "entry-points", "{54689AC6-4B55-4735-8171-AF2E540AE1E9}"
EndProject
Project("{2150E333-8FDC-42A3-9474-1A3956D46DE8}") = "driven-adapters", "driven-adapters", "{A334E684-249F-4267-85A0-4846847F10A6}"
EndProject
Project("{FAE04EC0-301F-11D3-BF4B-00C04F79EFBC}") = "io.quind.trainning.kafka.application", "io.quind.trainning.kafka.application\io.quind.trainning.kafka.application.csproj", "{BAD765BB-84EA-46F9-9FEB-5A5B8ABBB1C5}"
EndProject
Project("{FAE04EC0-301F-11D3-BF4B-00C04F79EFBC}") = "io.quind.trainning.kafka.domain", "io.quind.trainning.kafka.domain\io.quind.trainning.kafka.domain.csproj", "{DF439DA6-4AC8-493E-953E-50F800AB294F}"
EndProject
Project("{2150E333-8FDC-42A3-9474-1A3956D46DE8}") = "api-rest", "api-rest", "{8B90572A-EE17-43A2-B4F9-75F23E3F8E75}"
EndProject
Project("{2150E333-8FDC-42A3-9474-1A3956D46DE8}") = "events", "events", "{3A86577E-EC17-464B-BF6B-7321D4E0CBC7}"
EndProject
Project("{FAE04EC0-301F-11D3-BF4B-00C04F79EFBC}") = "io.quind.trainning.kafka.repository", "io.quind.trainning.kafka.repository\io.quind.trainning.kafka.repository.csproj", "{E7B189E3-9BDB-4962-8621-83A0CF14F532}"
EndProject
Project("{FAE04EC0-301F-11D3-BF4B-00C04F79EFBC}") = "io.quind.trainning.kafka.handler", "io.quind.trainning.kafka.handler\io.quind.trainning.kafka.handler.csproj", "{BF383750-2BC4-42F5-AD84-58127780782C}"
EndProject
Global
	GlobalSection(SolutionConfigurationPlatforms) = preSolution
		Debug|Any CPU = Debug|Any CPU
		Release|Any CPU = Release|Any CPU
	EndGlobalSection
	GlobalSection(ProjectConfigurationPlatforms) = postSolution
		{2BA3432B-388B-45F4-B2E7-2E0B74327D64}.Debug|Any CPU.ActiveCfg = Debug|Any CPU
		{2BA3432B-388B-45F4-B2E7-2E0B74327D64}.Debug|Any CPU.Build.0 = Debug|Any CPU
		{2BA3432B-388B-45F4-B2E7-2E0B74327D64}.Release|Any CPU.ActiveCfg = Release|Any CPU
		{2BA3432B-388B-45F4-B2E7-2E0B74327D64}.Release|Any CPU.Build.0 = Release|Any CPU
		{BAD765BB-84EA-46F9-9FEB-5A5B8ABBB1C5}.Debug|Any CPU.ActiveCfg = Debug|Any CPU
		{BAD765BB-84EA-46F9-9FEB-5A5B8ABBB1C5}.Debug|Any CPU.Build.0 = Debug|Any CPU
		{BAD765BB-84EA-46F9-9FEB-5A5B8ABBB1C5}.Release|Any CPU.ActiveCfg = Release|Any CPU
		{BAD765BB-84EA-46F9-9FEB-5A5B8ABBB1C5}.Release|Any CPU.Build.0 = Release|Any CPU
		{DF439DA6-4AC8-493E-953E-50F800AB294F}.Debug|Any CPU.ActiveCfg = Debug|Any CPU
		{DF439DA6-4AC8-493E-953E-50F800AB294F}.Debug|Any CPU.Build.0 = Debug|Any CPU
		{DF439DA6-4AC8-493E-953E-50F800AB294F}.Release|Any CPU.ActiveCfg = Release|Any CPU
		{DF439DA6-4AC8-493E-953E-50F800AB294F}.Release|Any CPU.Build.0 = Release|Any CPU
		{E7B189E3-9BDB-4962-8621-83A0CF14F532}.Debug|Any CPU.ActiveCfg = Debug|Any CPU
		{E7B189E3-9BDB-4962-8621-83A0CF14F532}.Debug|Any CPU.Build.0 = Debug|Any CPU
		{E7B189E3-9BDB-4962-8621-83A0CF14F532}.Release|Any CPU.ActiveCfg = Release|Any CPU
		{E7B189E3-9BDB-4962-8621-83A0CF14F532}.Release|Any CPU.Build.0 = Release|Any CPU
		{BF383750-2BC4-42F5-AD84-58127780782C}.Debug|Any CPU.ActiveCfg = Debug|Any CPU
		{BF383750-2BC4-42F5-AD84-58127780782C}.Debug|Any CPU.Build.0 = Debug|Any CPU
		{BF383750-2BC4-42F5-AD84-58127780782C}.Release|Any CPU.ActiveCfg = Release|Any CPU
		{BF383750-2BC4-42F5-AD84-58127780782C}.Release|Any CPU.Build.0 = Release|Any CPU
	EndGlobalSection
	GlobalSection(SolutionProperties) = preSolution
		HideSolutionNode = FALSE
	EndGlobalSection
	GlobalSection(NestedProjects) = preSolution
		{2BA3432B-388B-45F4-B2E7-2E0B74327D64} = {8B90572A-EE17-43A2-B4F9-75F23E3F8E75}
		{54689AC6-4B55-4735-8171-AF2E540AE1E9} = {A02DC7C2-EFBF-4D41-919D-0D9B45F55370}
		{A334E684-249F-4267-85A0-4846847F10A6} = {A02DC7C2-EFBF-4D41-919D-0D9B45F55370}
		{BAD765BB-84EA-46F9-9FEB-5A5B8ABBB1C5} = {130AAFF9-B83E-4561-B372-147725F461FB}
		{DF439DA6-4AC8-493E-953E-50F800AB294F} = {8E30E0AA-7D06-4113-BF00-3968C5CA6319}
		{8B90572A-EE17-43A2-B4F9-75F23E3F8E75} = {54689AC6-4B55-4735-8171-AF2E540AE1E9}
		{3A86577E-EC17-464B-BF6B-7321D4E0CBC7} = {54689AC6-4B55-4735-8171-AF2E540AE1E9}
		{E7B189E3-9BDB-4962-8621-83A0CF14F532} = {A334E684-249F-4267-85A0-4846847F10A6}
		{BF383750-2BC4-42F5-AD84-58127780782C} = {3A86577E-EC17-464B-BF6B-7321D4E0CBC7}
	EndGlobalSection
	GlobalSection(ExtensibilityGlobals) = postSolution
		SolutionGuid = {6D439AC0-898B-469B-A81C-F3DA6CA5DA05}
	EndGlobalSection
EndGlobal
